
Microsoft Visual Studio Solution File, Format Version 12.00
# Visual Studio Version 16
VisualStudioVersion = 16.0.30907.101
MinimumVisualStudioVersion = 10.0.40219.1
Project("{FAE04EC0-301F-11D3-BF4B-00C04F79EFBC}") = "ShopApp2.WEBUI", "ShopApp2.WEBUI\ShopApp2.WEBUI.csproj", "{A3FF808C-30BE-4496-9B08-EFBB21BABFC8}"
EndProject
Global
	GlobalSection(SolutionConfigurationPlatforms) = preSolution
		Debug|Any CPU = Debug|Any CPU
		Release|Any CPU = Release|Any CPU
	EndGlobalSection
	GlobalSection(ProjectConfigurationPlatforms) = postSolution
		{A3FF808C-30BE-4496-9B08-EFBB21BABFC8}.Debug|Any CPU.ActiveCfg = Debug|Any CPU
		{A3FF808C-30BE-4496-9B08-EFBB21BABFC8}.Debug|Any CPU.Build.0 = Debug|Any CPU
		{A3FF808C-30BE-4496-9B08-EFBB21BABFC8}.Release|Any CPU.ActiveCfg = Release|Any CPU
		{A3FF808C-30BE-4496-9B08-EFBB21BABFC8}.Release|Any CPU.Build.0 = Release|Any CPU
	EndGlobalSection
	GlobalSection(SolutionProperties) = preSolution
		HideSolutionNode = FALSE
	EndGlobalSection
	GlobalSection(ExtensibilityGlobals) = postSolution
		SolutionGuid = {3EBE76FC-17DA-4568-A5AE-45C92126C179}
	EndGlobalSection
EndGlobal
